
Microsoft Visual Studio Solution File, Format Version 12.00
# Visual Studio Version 17
VisualStudioVersion = 17.11.35222.181
MinimumVisualStudioVersion = 10.0.40219.1
Project("{2150E333-8FDC-42A3-9474-1A3956D46DE8}") = "Task0", "Task0", "{D411E41B-4FD7-4935-B561-0F2CABDF1911}"
EndProject
Project("{9A19103F-16F7-4668-BE54-9A1E7A4F7556}") = "Tyuiu.KorolevES.Sprint5.Task0.V10", "Tyuiu.KorolevES.Sprint5.Task0.V10\Tyuiu.KorolevES.Sprint5.Task0.V10.csproj", "{0DC188A9-C1D5-4834-B9D1-8CFC9AC7966B}"
EndProject
Project("{9A19103F-16F7-4668-BE54-9A1E7A4F7556}") = "Tyuiu.KorolevES.Sprint5.Task0.V10.Lib", "Tyuiu.KorolevES.Sprint5.Task0.V10.Lib\Tyuiu.KorolevES.Sprint5.Task0.V10.Lib.csproj", "{AA57487D-17BB-4257-9F0F-3CA863F38EFF}"
EndProject
Project("{9A19103F-16F7-4668-BE54-9A1E7A4F7556}") = "Tyuiu.KorolevES.Sprint5.Task0.V10.Test", "Tyuiu.KorolevES.Sprint5.Task0.V10.Test\Tyuiu.KorolevES.Sprint5.Task0.V10.Test.csproj", "{5D5C4A83-91AC-44C2-AB35-E2F441FDCB84}"
EndProject
Project("{2150E333-8FDC-42A3-9474-1A3956D46DE8}") = "Task1", "Task1", "{6EF8069C-1C4D-4B8E-B617-D2F829EF5210}"
EndProject
Project("{9A19103F-16F7-4668-BE54-9A1E7A4F7556}") = "Tyuiu.KorolevES.Sprint5.Task1.V3", "Tyuiu.KorolevES.Sprint5.Task1.V3\Tyuiu.KorolevES.Sprint5.Task1.V3.csproj", "{C2E888CD-534E-449C-8D8D-E615EA96F71B}"
EndProject
Project("{9A19103F-16F7-4668-BE54-9A1E7A4F7556}") = "Tyuiu.KorolevES.Sprint5.Task1.V3.Lib", "Tyuiu.KorolevES.Sprint5.Task1.V3.Lib\Tyuiu.KorolevES.Sprint5.Task1.V3.Lib.csproj", "{7CEFF3E2-5CAB-4FDA-BC98-07E694D38F0E}"
EndProject
Project("{9A19103F-16F7-4668-BE54-9A1E7A4F7556}") = "Tyuiu.KorolevES.Sprint5.Task1.V3.Test", "Tyuiu.KorolevES.Sprint5.Task1.V3.Test\Tyuiu.KorolevES.Sprint5.Task1.V3.Test.csproj", "{0D183F77-224B-4075-AEF3-62BB01557536}"
EndProject
Project("{2150E333-8FDC-42A3-9474-1A3956D46DE8}") = "Task2", "Task2", "{AAE14E17-04BA-4D66-A480-A72FFB2EFA80}"
EndProject
Project("{9A19103F-16F7-4668-BE54-9A1E7A4F7556}") = "Tyuiu.KorolevES.Sprint5.Task2.V11", "Tyuiu.KorolevES.Sprint5.Task2.V11\Tyuiu.KorolevES.Sprint5.Task2.V11.csproj", "{B2DE7DEC-97D9-488E-A77E-1F1AA34EF625}"
EndProject
Project("{9A19103F-16F7-4668-BE54-9A1E7A4F7556}") = "Tyuiu.KorolevES.Sprint5.Task2.V11.Lib", "Tyuiu.KorolevES.Sprint5.Task2.V11.Lib\Tyuiu.KorolevES.Sprint5.Task2.V11.Lib.csproj", "{84D0BF12-7523-43A7-8C68-209DF87C9A5B}"
EndProject
Project("{9A19103F-16F7-4668-BE54-9A1E7A4F7556}") = "Tyuiu.KorolevES.Sprint5.Task2.V11.Test", "Tyuiu.KorolevES.Sprint5.Task2.V11.Test\Tyuiu.KorolevES.Sprint5.Task2.V11.Test.csproj", "{3BFCB4A6-4F1F-4DE4-A8F1-CCDA4E87B342}"
EndProject
Project("{2150E333-8FDC-42A3-9474-1A3956D46DE8}") = "Task3", "Task3", "{27BCC123-0BCC-40D2-9B4E-D10292F67D3D}"
EndProject
Project("{9A19103F-16F7-4668-BE54-9A1E7A4F7556}") = "Tyuiu.KorolevES.Sprint5.Task3.V15", "Tyuiu.KorolevES.Sprint5.Task3.V15\Tyuiu.KorolevES.Sprint5.Task3.V15.csproj", "{5401A382-12A8-4942-8C58-C2C9F3A07DB4}"
EndProject
Project("{9A19103F-16F7-4668-BE54-9A1E7A4F7556}") = "Tyuiu.KorolevES.Sprint5.Task3.V15.Lib", "Tyuiu.KorolevES.Sprint5.Task3.V15.Lib\Tyuiu.KorolevES.Sprint5.Task3.V15.Lib.csproj", "{DE7135E6-1019-45B6-9AA6-ED2734936EA3}"
EndProject
Project("{9A19103F-16F7-4668-BE54-9A1E7A4F7556}") = "Tyuiu.KorolevES.Sprint5.Task3.V15.Test", "Tyuiu.KorolevES.Sprint5.Task3.V15.Test\Tyuiu.KorolevES.Sprint5.Task3.V15.Test.csproj", "{3358C21D-D3F4-44FC-B624-2227653A7DA2}"
EndProject
Project("{2150E333-8FDC-42A3-9474-1A3956D46DE8}") = "Task4", "Task4", "{1CE35B4B-D690-4D01-B497-37D0F38A49DC}"
EndProject
Project("{9A19103F-16F7-4668-BE54-9A1E7A4F7556}") = "Tyuiu.KorolevES.Sprint5.Task4.V25", "Tyuiu.KorolevES.Sprint5.Task4.V25\Tyuiu.KorolevES.Sprint5.Task4.V25.csproj", "{685A5B07-3471-4795-A6E3-0337E235EB61}"
EndProject
Project("{9A19103F-16F7-4668-BE54-9A1E7A4F7556}") = "Tyuiu.KorolevES.Sprint5.Task4.V25.Lib", "Tyuiu.KorolevES.Sprint5.Task4.V25.Lib\Tyuiu.KorolevES.Sprint5.Task4.V25.Lib.csproj", "{F894298D-D098-42F2-B420-8C97F3A8F13F}"
EndProject
Project("{9A19103F-16F7-4668-BE54-9A1E7A4F7556}") = "Tyuiu.KorolevES.Sprint5.Task4.V25.Test", "Tyuiu.KorolevES.Sprint5.Task4.V25.Test\Tyuiu.KorolevES.Sprint5.Task4.V25.Test.csproj", "{BCD34AD5-52CB-45F7-A5D9-9B104615EEE5}"
EndProject
Project("{2150E333-8FDC-42A3-9474-1A3956D46DE8}") = "Task5", "Task5", "{35EEA3AB-80B5-44D0-B05B-48B8F1A98156}"
EndProject
Project("{9A19103F-16F7-4668-BE54-9A1E7A4F7556}") = "Tyuiu.KorolevES.Sprint5.Task5.V17", "Tyuiu.KorolevES.Sprint5.Task5.V17\Tyuiu.KorolevES.Sprint5.Task5.V17.csproj", "{A76AB74F-41BE-4C0D-B553-9B0E05E05671}"
EndProject
Project("{9A19103F-16F7-4668-BE54-9A1E7A4F7556}") = "Tyuiu.KorolevES.Sprint5.Task5.V17.Lib", "Tyuiu.KorolevES.Sprint5.Task5.V17.Lib\Tyuiu.KorolevES.Sprint5.Task5.V17.Lib.csproj", "{924DF725-0669-43A9-95AF-A209ACD2E3C1}"
EndProject
Project("{9A19103F-16F7-4668-BE54-9A1E7A4F7556}") = "Tyuiu.KorolevES.Sprint5.Task5.V17.Test", "Tyuiu.KorolevES.Sprint5.Task5.V17.Test\Tyuiu.KorolevES.Sprint5.Task5.V17.Test.csproj", "{6044370C-2C64-4067-B80E-4D18E727B7D4}"
EndProject
Project("{2150E333-8FDC-42A3-9474-1A3956D46DE8}") = "Task6", "Task6", "{C05C736C-80CB-42B8-8BFF-B762A94B71EE}"
EndProject
Project("{9A19103F-16F7-4668-BE54-9A1E7A4F7556}") = "Tyuiu.KorolevES.Sprint5.Task6.V20", "Tyuiu.KorolevES.Sprint5.Task6.V20\Tyuiu.KorolevES.Sprint5.Task6.V20.csproj", "{DAE61571-32B8-4F8B-808D-812212B2C664}"
EndProject
Project("{9A19103F-16F7-4668-BE54-9A1E7A4F7556}") = "Tyuiu.KorolevES.Sprint5.Task6.V20.Lib", "Tyuiu.KorolevES.Sprint5.Task6.V20.Lib\Tyuiu.KorolevES.Sprint5.Task6.V20.Lib.csproj", "{BE459E1A-25CE-4721-93C1-336401B1D522}"
EndProject
Project("{9A19103F-16F7-4668-BE54-9A1E7A4F7556}") = "Tyuiu.KorolevES.Sprint5.Task6.V20.Test", "Tyuiu.KorolevES.Sprint5.Task6.V20.Test\Tyuiu.KorolevES.Sprint5.Task6.V20.Test.csproj", "{F1BC4060-C269-4268-AA46-22FAE58726FE}"
EndProject
Project("{2150E333-8FDC-42A3-9474-1A3956D46DE8}") = "Task7", "Task7", "{A2A0F954-9325-49B8-B8B2-2403C65E1ACB}"
EndProject
Project("{FAE04EC0-301F-11D3-BF4B-00C04F79EFBC}") = "Tyuiu.KorolevES.Sprint5.Task7.V22", "Tyuiu.KorolevES.Sprint5.Task7.V22\Tyuiu.KorolevES.Sprint5.Task7.V22.csproj", "{7AC1A0ED-8012-4234-8119-EFB78FBE5974}"
EndProject
Project("{FAE04EC0-301F-11D3-BF4B-00C04F79EFBC}") = "Tyuiu.KorolevES.Sprint5.Task7.V22.Lib", "Tyuiu.KorolevES.Sprint5.Task7.V22.Lib\Tyuiu.KorolevES.Sprint5.Task7.V22.Lib.csproj", "{47811440-D11A-4939-B884-9D7A445E0766}"
EndProject
Project("{FAE04EC0-301F-11D3-BF4B-00C04F79EFBC}") = "Tyuiu.KorolevES.Sprint5.Task7.V22.Test", "Tyuiu.KorolevES.Sprint5.Task7.V22.Test\Tyuiu.KorolevES.Sprint5.Task7.V22.Test.csproj", "{E136967E-A145-45E0-87F6-FF12D7644FD9}"
EndProject
Global
	GlobalSection(SolutionConfigurationPlatforms) = preSolution
		Debug|Any CPU = Debug|Any CPU
		Release|Any CPU = Release|Any CPU
	EndGlobalSection
	GlobalSection(ProjectConfigurationPlatforms) = postSolution
		{0DC188A9-C1D5-4834-B9D1-8CFC9AC7966B}.Debug|Any CPU.ActiveCfg = Debug|Any CPU
		{0DC188A9-C1D5-4834-B9D1-8CFC9AC7966B}.Debug|Any CPU.Build.0 = Debug|Any CPU
		{0DC188A9-C1D5-4834-B9D1-8CFC9AC7966B}.Release|Any CPU.ActiveCfg = Release|Any CPU
		{0DC188A9-C1D5-4834-B9D1-8CFC9AC7966B}.Release|Any CPU.Build.0 = Release|Any CPU
		{AA57487D-17BB-4257-9F0F-3CA863F38EFF}.Debug|Any CPU.ActiveCfg = Debug|Any CPU
		{AA57487D-17BB-4257-9F0F-3CA863F38EFF}.Debug|Any CPU.Build.0 = Debug|Any CPU
		{AA57487D-17BB-4257-9F0F-3CA863F38EFF}.Release|Any CPU.ActiveCfg = Release|Any CPU
		{AA57487D-17BB-4257-9F0F-3CA863F38EFF}.Release|Any CPU.Build.0 = Release|Any CPU
		{5D5C4A83-91AC-44C2-AB35-E2F441FDCB84}.Debug|Any CPU.ActiveCfg = Debug|Any CPU
		{5D5C4A83-91AC-44C2-AB35-E2F441FDCB84}.Debug|Any CPU.Build.0 = Debug|Any CPU
		{5D5C4A83-91AC-44C2-AB35-E2F441FDCB84}.Release|Any CPU.ActiveCfg = Release|Any CPU
		{5D5C4A83-91AC-44C2-AB35-E2F441FDCB84}.Release|Any CPU.Build.0 = Release|Any CPU
		{C2E888CD-534E-449C-8D8D-E615EA96F71B}.Debug|Any CPU.ActiveCfg = Debug|Any CPU
		{C2E888CD-534E-449C-8D8D-E615EA96F71B}.Debug|Any CPU.Build.0 = Debug|Any CPU
		{C2E888CD-534E-449C-8D8D-E615EA96F71B}.Release|Any CPU.ActiveCfg = Release|Any CPU
		{C2E888CD-534E-449C-8D8D-E615EA96F71B}.Release|Any CPU.Build.0 = Release|Any CPU
		{7CEFF3E2-5CAB-4FDA-BC98-07E694D38F0E}.Debug|Any CPU.ActiveCfg = Debug|Any CPU
		{7CEFF3E2-5CAB-4FDA-BC98-07E694D38F0E}.Debug|Any CPU.Build.0 = Debug|Any CPU
		{7CEFF3E2-5CAB-4FDA-BC98-07E694D38F0E}.Release|Any CPU.ActiveCfg = Release|Any CPU
		{7CEFF3E2-5CAB-4FDA-BC98-07E694D38F0E}.Release|Any CPU.Build.0 = Release|Any CPU
		{0D183F77-224B-4075-AEF3-62BB01557536}.Debug|Any CPU.ActiveCfg = Debug|Any CPU
		{0D183F77-224B-4075-AEF3-62BB01557536}.Debug|Any CPU.Build.0 = Debug|Any CPU
		{0D183F77-224B-4075-AEF3-62BB01557536}.Release|Any CPU.ActiveCfg = Release|Any CPU
		{0D183F77-224B-4075-AEF3-62BB01557536}.Release|Any CPU.Build.0 = Release|Any CPU
		{B2DE7DEC-97D9-488E-A77E-1F1AA34EF625}.Debug|Any CPU.ActiveCfg = Debug|Any CPU
		{B2DE7DEC-97D9-488E-A77E-1F1AA34EF625}.Debug|Any CPU.Build.0 = Debug|Any CPU
		{B2DE7DEC-97D9-488E-A77E-1F1AA34EF625}.Release|Any CPU.ActiveCfg = Release|Any CPU
		{B2DE7DEC-97D9-488E-A77E-1F1AA34EF625}.Release|Any CPU.Build.0 = Release|Any CPU
		{84D0BF12-7523-43A7-8C68-209DF87C9A5B}.Debug|Any CPU.ActiveCfg = Debug|Any CPU
		{84D0BF12-7523-43A7-8C68-209DF87C9A5B}.Debug|Any CPU.Build.0 = Debug|Any CPU
		{84D0BF12-7523-43A7-8C68-209DF87C9A5B}.Release|Any CPU.ActiveCfg = Release|Any CPU
		{84D0BF12-7523-43A7-8C68-209DF87C9A5B}.Release|Any CPU.Build.0 = Release|Any CPU
		{3BFCB4A6-4F1F-4DE4-A8F1-CCDA4E87B342}.Debug|Any CPU.ActiveCfg = Debug|Any CPU
		{3BFCB4A6-4F1F-4DE4-A8F1-CCDA4E87B342}.Debug|Any CPU.Build.0 = Debug|Any CPU
		{3BFCB4A6-4F1F-4DE4-A8F1-CCDA4E87B342}.Release|Any CPU.ActiveCfg = Release|Any CPU
		{3BFCB4A6-4F1F-4DE4-A8F1-CCDA4E87B342}.Release|Any CPU.Build.0 = Release|Any CPU
		{5401A382-12A8-4942-8C58-C2C9F3A07DB4}.Debug|Any CPU.ActiveCfg = Debug|Any CPU
		{5401A382-12A8-4942-8C58-C2C9F3A07DB4}.Debug|Any CPU.Build.0 = Debug|Any CPU
		{5401A382-12A8-4942-8C58-C2C9F3A07DB4}.Release|Any CPU.ActiveCfg = Release|Any CPU
		{5401A382-12A8-4942-8C58-C2C9F3A07DB4}.Release|Any CPU.Build.0 = Release|Any CPU
		{DE7135E6-1019-45B6-9AA6-ED2734936EA3}.Debug|Any CPU.ActiveCfg = Debug|Any CPU
		{DE7135E6-1019-45B6-9AA6-ED2734936EA3}.Debug|Any CPU.Build.0 = Debug|Any CPU
		{DE7135E6-1019-45B6-9AA6-ED2734936EA3}.Release|Any CPU.ActiveCfg = Release|Any CPU
		{DE7135E6-1019-45B6-9AA6-ED2734936EA3}.Release|Any CPU.Build.0 = Release|Any CPU
		{3358C21D-D3F4-44FC-B624-2227653A7DA2}.Debug|Any CPU.ActiveCfg = Debug|Any CPU
		{3358C21D-D3F4-44FC-B624-2227653A7DA2}.Debug|Any CPU.Build.0 = Debug|Any CPU
		{3358C21D-D3F4-44FC-B624-2227653A7DA2}.Release|Any CPU.ActiveCfg = Release|Any CPU
		{3358C21D-D3F4-44FC-B624-2227653A7DA2}.Release|Any CPU.Build.0 = Release|Any CPU
		{685A5B07-3471-4795-A6E3-0337E235EB61}.Debug|Any CPU.ActiveCfg = Debug|Any CPU
		{685A5B07-3471-4795-A6E3-0337E235EB61}.Debug|Any CPU.Build.0 = Debug|Any CPU
		{685A5B07-3471-4795-A6E3-0337E235EB61}.Release|Any CPU.ActiveCfg = Release|Any CPU
		{685A5B07-3471-4795-A6E3-0337E235EB61}.Release|Any CPU.Build.0 = Release|Any CPU
		{F894298D-D098-42F2-B420-8C97F3A8F13F}.Debug|Any CPU.ActiveCfg = Debug|Any CPU
		{F894298D-D098-42F2-B420-8C97F3A8F13F}.Debug|Any CPU.Build.0 = Debug|Any CPU
		{F894298D-D098-42F2-B420-8C97F3A8F13F}.Release|Any CPU.ActiveCfg = Release|Any CPU
		{F894298D-D098-42F2-B420-8C97F3A8F13F}.Release|Any CPU.Build.0 = Release|Any CPU
		{BCD34AD5-52CB-45F7-A5D9-9B104615EEE5}.Debug|Any CPU.ActiveCfg = Debug|Any CPU
		{BCD34AD5-52CB-45F7-A5D9-9B104615EEE5}.Debug|Any CPU.Build.0 = Debug|Any CPU
		{BCD34AD5-52CB-45F7-A5D9-9B104615EEE5}.Release|Any CPU.ActiveCfg = Release|Any CPU
		{BCD34AD5-52CB-45F7-A5D9-9B104615EEE5}.Release|Any CPU.Build.0 = Release|Any CPU
		{A76AB74F-41BE-4C0D-B553-9B0E05E05671}.Debug|Any CPU.ActiveCfg = Debug|Any CPU
		{A76AB74F-41BE-4C0D-B553-9B0E05E05671}.Debug|Any CPU.Build.0 = Debug|Any CPU
		{A76AB74F-41BE-4C0D-B553-9B0E05E05671}.Release|Any CPU.ActiveCfg = Release|Any CPU
		{A76AB74F-41BE-4C0D-B553-9B0E05E05671}.Release|Any CPU.Build.0 = Release|Any CPU
		{924DF725-0669-43A9-95AF-A209ACD2E3C1}.Debug|Any CPU.ActiveCfg = Debug|Any CPU
		{924DF725-0669-43A9-95AF-A209ACD2E3C1}.Debug|Any CPU.Build.0 = Debug|Any CPU
		{924DF725-0669-43A9-95AF-A209ACD2E3C1}.Release|Any CPU.ActiveCfg = Release|Any CPU
		{924DF725-0669-43A9-95AF-A209ACD2E3C1}.Release|Any CPU.Build.0 = Release|Any CPU
		{6044370C-2C64-4067-B80E-4D18E727B7D4}.Debug|Any CPU.ActiveCfg = Debug|Any CPU
		{6044370C-2C64-4067-B80E-4D18E727B7D4}.Debug|Any CPU.Build.0 = Debug|Any CPU
		{6044370C-2C64-4067-B80E-4D18E727B7D4}.Release|Any CPU.ActiveCfg = Release|Any CPU
		{6044370C-2C64-4067-B80E-4D18E727B7D4}.Release|Any CPU.Build.0 = Release|Any CPU
		{DAE61571-32B8-4F8B-808D-812212B2C664}.Debug|Any CPU.ActiveCfg = Debug|Any CPU
		{DAE61571-32B8-4F8B-808D-812212B2C664}.Debug|Any CPU.Build.0 = Debug|Any CPU
		{DAE61571-32B8-4F8B-808D-812212B2C664}.Release|Any CPU.ActiveCfg = Release|Any CPU
		{DAE61571-32B8-4F8B-808D-812212B2C664}.Release|Any CPU.Build.0 = Release|Any CPU
		{BE459E1A-25CE-4721-93C1-336401B1D522}.Debug|Any CPU.ActiveCfg = Debug|Any CPU
		{BE459E1A-25CE-4721-93C1-336401B1D522}.Debug|Any CPU.Build.0 = Debug|Any CPU
		{BE459E1A-25CE-4721-93C1-336401B1D522}.Release|Any CPU.ActiveCfg = Release|Any CPU
		{BE459E1A-25CE-4721-93C1-336401B1D522}.Release|Any CPU.Build.0 = Release|Any CPU
		{F1BC4060-C269-4268-AA46-22FAE58726FE}.Debug|Any CPU.ActiveCfg = Debug|Any CPU
		{F1BC4060-C269-4268-AA46-22FAE58726FE}.Debug|Any CPU.Build.0 = Debug|Any CPU
		{F1BC4060-C269-4268-AA46-22FAE58726FE}.Release|Any CPU.ActiveCfg = Release|Any CPU
		{F1BC4060-C269-4268-AA46-22FAE58726FE}.Release|Any CPU.Build.0 = Release|Any CPU
		{7AC1A0ED-8012-4234-8119-EFB78FBE5974}.Debug|Any CPU.ActiveCfg = Debug|Any CPU
		{7AC1A0ED-8012-4234-8119-EFB78FBE5974}.Debug|Any CPU.Build.0 = Debug|Any CPU
		{7AC1A0ED-8012-4234-8119-EFB78FBE5974}.Release|Any CPU.ActiveCfg = Release|Any CPU
		{7AC1A0ED-8012-4234-8119-EFB78FBE5974}.Release|Any CPU.Build.0 = Release|Any CPU
		{47811440-D11A-4939-B884-9D7A445E0766}.Debug|Any CPU.ActiveCfg = Debug|Any CPU
		{47811440-D11A-4939-B884-9D7A445E0766}.Debug|Any CPU.Build.0 = Debug|Any CPU
		{47811440-D11A-4939-B884-9D7A445E0766}.Release|Any CPU.ActiveCfg = Release|Any CPU
		{47811440-D11A-4939-B884-9D7A445E0766}.Release|Any CPU.Build.0 = Release|Any CPU
		{E136967E-A145-45E0-87F6-FF12D7644FD9}.Debug|Any CPU.ActiveCfg = Debug|Any CPU
		{E136967E-A145-45E0-87F6-FF12D7644FD9}.Debug|Any CPU.Build.0 = Debug|Any CPU
		{E136967E-A145-45E0-87F6-FF12D7644FD9}.Release|Any CPU.ActiveCfg = Release|Any CPU
		{E136967E-A145-45E0-87F6-FF12D7644FD9}.Release|Any CPU.Build.0 = Release|Any CPU
	EndGlobalSection
	GlobalSection(SolutionProperties) = preSolution
		HideSolutionNode = FALSE
	EndGlobalSection
	GlobalSection(NestedProjects) = preSolution
		{0DC188A9-C1D5-4834-B9D1-8CFC9AC7966B} = {D411E41B-4FD7-4935-B561-0F2CABDF1911}
		{AA57487D-17BB-4257-9F0F-3CA863F38EFF} = {D411E41B-4FD7-4935-B561-0F2CABDF1911}
		{5D5C4A83-91AC-44C2-AB35-E2F441FDCB84} = {D411E41B-4FD7-4935-B561-0F2CABDF1911}
		{C2E888CD-534E-449C-8D8D-E615EA96F71B} = {6EF8069C-1C4D-4B8E-B617-D2F829EF5210}
		{7CEFF3E2-5CAB-4FDA-BC98-07E694D38F0E} = {6EF8069C-1C4D-4B8E-B617-D2F829EF5210}
		{0D183F77-224B-4075-AEF3-62BB01557536} = {6EF8069C-1C4D-4B8E-B617-D2F829EF5210}
		{B2DE7DEC-97D9-488E-A77E-1F1AA34EF625} = {AAE14E17-04BA-4D66-A480-A72FFB2EFA80}
		{84D0BF12-7523-43A7-8C68-209DF87C9A5B} = {AAE14E17-04BA-4D66-A480-A72FFB2EFA80}
		{3BFCB4A6-4F1F-4DE4-A8F1-CCDA4E87B342} = {AAE14E17-04BA-4D66-A480-A72FFB2EFA80}
		{5401A382-12A8-4942-8C58-C2C9F3A07DB4} = {27BCC123-0BCC-40D2-9B4E-D10292F67D3D}
		{DE7135E6-1019-45B6-9AA6-ED2734936EA3} = {27BCC123-0BCC-40D2-9B4E-D10292F67D3D}
		{3358C21D-D3F4-44FC-B624-2227653A7DA2} = {27BCC123-0BCC-40D2-9B4E-D10292F67D3D}
		{685A5B07-3471-4795-A6E3-0337E235EB61} = {1CE35B4B-D690-4D01-B497-37D0F38A49DC}
		{F894298D-D098-42F2-B420-8C97F3A8F13F} = {1CE35B4B-D690-4D01-B497-37D0F38A49DC}
		{BCD34AD5-52CB-45F7-A5D9-9B104615EEE5} = {1CE35B4B-D690-4D01-B497-37D0F38A49DC}
		{A76AB74F-41BE-4C0D-B553-9B0E05E05671} = {35EEA3AB-80B5-44D0-B05B-48B8F1A98156}
		{924DF725-0669-43A9-95AF-A209ACD2E3C1} = {35EEA3AB-80B5-44D0-B05B-48B8F1A98156}
		{6044370C-2C64-4067-B80E-4D18E727B7D4} = {35EEA3AB-80B5-44D0-B05B-48B8F1A98156}
		{DAE61571-32B8-4F8B-808D-812212B2C664} = {C05C736C-80CB-42B8-8BFF-B762A94B71EE}
		{BE459E1A-25CE-4721-93C1-336401B1D522} = {C05C736C-80CB-42B8-8BFF-B762A94B71EE}
		{F1BC4060-C269-4268-AA46-22FAE58726FE} = {C05C736C-80CB-42B8-8BFF-B762A94B71EE}
		{7AC1A0ED-8012-4234-8119-EFB78FBE5974} = {A2A0F954-9325-49B8-B8B2-2403C65E1ACB}
		{47811440-D11A-4939-B884-9D7A445E0766} = {A2A0F954-9325-49B8-B8B2-2403C65E1ACB}
		{E136967E-A145-45E0-87F6-FF12D7644FD9} = {A2A0F954-9325-49B8-B8B2-2403C65E1ACB}
	EndGlobalSection
	GlobalSection(ExtensibilityGlobals) = postSolution
		SolutionGuid = {22344DF2-B826-4C13-872B-476373410A63}
	EndGlobalSection
EndGlobal
